// !$*UTF8*$!
{
	archiveVersion = 1;
	classes = {
	};
	objectVersion = 77;
	objects = {

/* Begin PBXBuildFile section */
		8082502E2E539C0900A71AFA /* BitCollections in Frameworks */ = {isa = PBXBuildFile; productRef = 8082502D2E539C0900A71AFA /* BitCollections */; };
		808250302E539C0900A71AFA /* Collections in Frameworks */ = {isa = PBXBuildFile; productRef = 8082502F2E539C0900A71AFA /* Collections */; };
		808250322E539C0900A71AFA /* DequeModule in Frameworks */ = {isa = PBXBuildFile; productRef = 808250312E539C0900A71AFA /* DequeModule */; };
		808250342E539C0900A71AFA /* HashTreeCollections in Frameworks */ = {isa = PBXBuildFile; productRef = 808250332E539C0900A71AFA /* HashTreeCollections */; };
		808250362E539C0900A71AFA /* HeapModule in Frameworks */ = {isa = PBXBuildFile; productRef = 808250352E539C0900A71AFA /* HeapModule */; };
/* End PBXBuildFile section */

/* Begin PBXContainerItemProxy section */
		80824FD02E53962300A71AFA /* PBXContainerItemProxy */ = {
			isa = PBXContainerItemProxy;
			containerPortal = 80824FB72E53962100A71AFA /* Project object */;
			proxyType = 1;
			remoteGlobalIDString = 80824FBE2E53962100A71AFA;
			remoteInfo = Recorder;
		};
		80824FDA2E53962300A71AFA /* PBXContainerItemProxy */ = {
			isa = PBXContainerItemProxy;
			containerPortal = 80824FB72E53962100A71AFA /* Project object */;
			proxyType = 1;
			remoteGlobalIDString = 80824FBE2E53962100A71AFA;
			remoteInfo = Recorder;
		};
/* End PBXContainerItemProxy section */

/* Begin PBXFileReference section */
		80824FBF2E53962200A71AFA /* Recorder.app */ = {isa = PBXFileReference; explicitFileType = wrapper.application; includeInIndex = 0; path = Recorder.app; sourceTree = BUILT_PRODUCTS_DIR; };
		80824FCF2E53962300A71AFA /* RecorderTests.xctest */ = {isa = PBXFileReference; explicitFileType = wrapper.cfbundle; includeInIndex = 0; path = RecorderTests.xctest; sourceTree = BUILT_PRODUCTS_DIR; };
		80824FD92E53962300A71AFA /* RecorderUITests.xctest */ = {isa = PBXFileReference; explicitFileType = wrapper.cfbundle; includeInIndex = 0; path = RecorderUITests.xctest; sourceTree = BUILT_PRODUCTS_DIR; };
/* End PBXFileReference section */

/* Begin PBXFileSystemSynchronizedRootGroup section */
		80824FC12E53962200A71AFA /* Recorder */ = {
			isa = PBXFileSystemSynchronizedRootGroup;
			path = Recorder;
			sourceTree = "<group>";
		};
		80824FD22E53962300A71AFA /* RecorderTests */ = {
			isa = PBXFileSystemSynchronizedRootGroup;
			path = RecorderTests;
			sourceTree = "<group>";
		};
		80824FDC2E53962300A71AFA /* RecorderUITests */ = {
			isa = PBXFileSystemSynchronizedRootGroup;
			path = RecorderUITests;
			sourceTree = "<group>";
		};
/* End PBXFileSystemSynchronizedRootGroup section */

/* Begin PBXFrameworksBuildPhase section */
		80824FBC2E53962100A71AFA /* Frameworks */ = {
			isa = PBXFrameworksBuildPhase;
			buildActionMask = 2147483647;
			files = (
				808250302E539C0900A71AFA /* Collections in Frameworks */,
				808250362E539C0900A71AFA /* HeapModule in Frameworks */,
				8082502E2E539C0900A71AFA /* BitCollections in Frameworks */,
				808250342E539C0900A71AFA /* HashTreeCollections in Frameworks */,
				808250322E539C0900A71AFA /* DequeModule in Frameworks */,
			);
			runOnlyForDeploymentPostprocessing = 0;
		};
		80824FCC2E53962300A71AFA /* Frameworks */ = {
			isa = PBXFrameworksBuildPhase;
			buildActionMask = 2147483647;
			files = (
			);
			runOnlyForDeploymentPostprocessing = 0;
		};
		80824FD62E53962300A71AFA /* Frameworks */ = {
			isa = PBXFrameworksBuildPhase;
			buildActionMask = 2147483647;
			files = (
			);
			runOnlyForDeploymentPostprocessing = 0;
		};
/* End PBXFrameworksBuildPhase section */

/* Begin PBXGroup section */
		80824FB62E53962100A71AFA = {
			isa = PBXGroup;
			children = (
				80824FC12E53962200A71AFA /* Recorder */,
				80824FD22E53962300A71AFA /* RecorderTests */,
				80824FDC2E53962300A71AFA /* RecorderUITests */,
				80824FC02E53962200A71AFA /* Products */,
			);
			sourceTree = "<group>";
		};
		80824FC02E53962200A71AFA /* Products */ = {
			isa = PBXGroup;
			children = (
				80824FBF2E53962200A71AFA /* Recorder.app */,
				80824FCF2E53962300A71AFA /* RecorderTests.xctest */,
				80824FD92E53962300A71AFA /* RecorderUITests.xctest */,
			);
			name = Products;
			sourceTree = "<group>";
		};
/* End PBXGroup section */

/* Begin PBXNativeTarget section */
		80824FBE2E53962100A71AFA /* Recorder */ = {
			isa = PBXNativeTarget;
			buildConfigurationList = 80824FE32E53962300A71AFA /* Build configuration list for PBXNativeTarget "Recorder" */;
			buildPhases = (
				80824FBB2E53962100A71AFA /* Sources */,
				80824FBC2E53962100A71AFA /* Frameworks */,
				80824FBD2E53962100A71AFA /* Resources */,
			);
			buildRules = (
			);
			dependencies = (
			);
			fileSystemSynchronizedGroups = (
				80824FC12E53962200A71AFA /* Recorder */,
			);
			name = Recorder;
			packageProductDependencies = (
				8082502D2E539C0900A71AFA /* BitCollections */,
				8082502F2E539C0900A71AFA /* Collections */,
				808250312E539C0900A71AFA /* DequeModule */,
				808250332E539C0900A71AFA /* HashTreeCollections */,
				808250352E539C0900A71AFA /* HeapModule */,
			);
			productName = Recorder;
			productReference = 80824FBF2E53962200A71AFA /* Recorder.app */;
			productType = "com.apple.product-type.application";
		};
		80824FCE2E53962300A71AFA /* RecorderTests */ = {
			isa = PBXNativeTarget;
			buildConfigurationList = 80824FE62E53962300A71AFA /* Build configuration list for PBXNativeTarget "RecorderTests" */;
			buildPhases = (
				80824FCB2E53962300A71AFA /* Sources */,
				80824FCC2E53962300A71AFA /* Frameworks */,
				80824FCD2E53962300A71AFA /* Resources */,
			);
			buildRules = (
			);
			dependencies = (
				80824FD12E53962300A71AFA /* PBXTargetDependency */,
			);
			fileSystemSynchronizedGroups = (
				80824FD22E53962300A71AFA /* RecorderTests */,
			);
			name = RecorderTests;
			packageProductDependencies = (
			);
			productName = RecorderTests;
			productReference = 80824FCF2E53962300A71AFA /* RecorderTests.xctest */;
			productType = "com.apple.product-type.bundle.unit-test";
		};
		80824FD82E53962300A71AFA /* RecorderUITests */ = {
			isa = PBXNativeTarget;
			buildConfigurationList = 80824FE92E53962300A71AFA /* Build configuration list for PBXNativeTarget "RecorderUITests" */;
			buildPhases = (
				80824FD52E53962300A71AFA /* Sources */,
				80824FD62E53962300A71AFA /* Frameworks */,
				80824FD72E53962300A71AFA /* Resources */,
			);
			buildRules = (
			);
			dependencies = (
				80824FDB2E53962300A71AFA /* PBXTargetDependency */,
			);
			fileSystemSynchronizedGroups = (
				80824FDC2E53962300A71AFA /* RecorderUITests */,
			);
			name = RecorderUITests;
			packageProductDependencies = (
			);
			productName = RecorderUITests;
			productReference = 80824FD92E53962300A71AFA /* RecorderUITests.xctest */;
			productType = "com.apple.product-type.bundle.ui-testing";
		};
/* End PBXNativeTarget section */

/* Begin PBXProject section */
		80824FB72E53962100A71AFA /* Project object */ = {
			isa = PBXProject;
			attributes = {
				BuildIndependentTargetsInParallel = 1;
				LastSwiftUpdateCheck = 1620;
				LastUpgradeCheck = 1620;
				TargetAttributes = {
					80824FBE2E53962100A71AFA = {
						CreatedOnToolsVersion = 16.2;
					};
					80824FCE2E53962300A71AFA = {
						CreatedOnToolsVersion = 16.2;
						TestTargetID = 80824FBE2E53962100A71AFA;
					};
					80824FD82E53962300A71AFA = {
						CreatedOnToolsVersion = 16.2;
						TestTargetID = 80824FBE2E53962100A71AFA;
					};
				};
			};
			buildConfigurationList = 80824FBA2E53962100A71AFA /* Build configuration list for PBXProject "Recorder" */;
			developmentRegion = en;
			hasScannedForEncodings = 0;
			knownRegions = (
				en,
				Base,
			);
			mainGroup = 80824FB62E53962100A71AFA;
			minimizedProjectReferenceProxies = 1;
			packageReferences = (
				8082502C2E539C0900A71AFA /* XCRemoteSwiftPackageReference "swift-collections" */,
			);
			preferredProjectObjectVersion = 77;
			productRefGroup = 80824FC02E53962200A71AFA /* Products */;
			projectDirPath = "";
			projectRoot = "";
			targets = (
				80824FBE2E53962100A71AFA /* Recorder */,
				80824FCE2E53962300A71AFA /* RecorderTests */,
				80824FD82E53962300A71AFA /* RecorderUITests */,
			);
		};
/* End PBXProject section */

/* Begin PBXResourcesBuildPhase section */
		80824FBD2E53962100A71AFA /* Resources */ = {
			isa = PBXResourcesBuildPhase;
			buildActionMask = 2147483647;
			files = (
			);
			runOnlyForDeploymentPostprocessing = 0;
		};
		80824FCD2E53962300A71AFA /* Resources */ = {
			isa = PBXResourcesBuildPhase;
			buildActionMask = 2147483647;
			files = (
			);
			runOnlyForDeploymentPostprocessing = 0;
		};
		80824FD72E53962300A71AFA /* Resources */ = {
			isa = PBXResourcesBuildPhase;
			buildActionMask = 2147483647;
			files = (
			);
			runOnlyForDeploymentPostprocessing = 0;
		};
/* End PBXResourcesBuildPhase section */

/* Begin PBXSourcesBuildPhase section */
		80824FBB2E53962100A71AFA /* Sources */ = {
			isa = PBXSourcesBuildPhase;
			buildActionMask = 2147483647;
			files = (
			);
			runOnlyForDeploymentPostprocessing = 0;
		};
		80824FCB2E53962300A71AFA /* Sources */ = {
			isa = PBXSourcesBuildPhase;
			buildActionMask = 2147483647;
			files = (
			);
			runOnlyForDeploymentPostprocessing = 0;
		};
		80824FD52E53962300A71AFA /* Sources */ = {
			isa = PBXSourcesBuildPhase;
			buildActionMask = 2147483647;
			files = (
			);
			runOnlyForDeploymentPostprocessing = 0;
		};
/* End PBXSourcesBuildPhase section */

/* Begin PBXTargetDependency section */
		80824FD12E53962300A71AFA /* PBXTargetDependency */ = {
			isa = PBXTargetDependency;
			target = 80824FBE2E53962100A71AFA /* Recorder */;
			targetProxy = 80824FD02E53962300A71AFA /* PBXContainerItemProxy */;
		};
		80824FDB2E53962300A71AFA /* PBXTargetDependency */ = {
			isa = PBXTargetDependency;
			target = 80824FBE2E53962100A71AFA /* Recorder */;
			targetProxy = 80824FDA2E53962300A71AFA /* PBXContainerItemProxy */;
		};
/* End PBXTargetDependency section */

/* Begin XCBuildConfiguration section */
		80824FE12E53962300A71AFA /* Debug */ = {
			isa = XCBuildConfiguration;
			buildSettings = {
				ALWAYS_SEARCH_USER_PATHS = NO;
				ASSETCATALOG_COMPILER_GENERATE_SWIFT_ASSET_SYMBOL_EXTENSIONS = YES;
				CLANG_ANALYZER_NONNULL = YES;
				CLANG_ANALYZER_NUMBER_OBJECT_CONVERSION = YES_AGGRESSIVE;
				CLANG_CXX_LANGUAGE_STANDARD = "gnu++20";
				CLANG_ENABLE_MODULES = YES;
				CLANG_ENABLE_OBJC_ARC = YES;
				CLANG_ENABLE_OBJC_WEAK = YES;
				CLANG_WARN_BLOCK_CAPTURE_AUTORELEASING = YES;
				CLANG_WARN_BOOL_CONVERSION = YES;
				CLANG_WARN_COMMA = YES;
				CLANG_WARN_CONSTANT_CONVERSION = YES;
				CLANG_WARN_DEPRECATED_OBJC_IMPLEMENTATIONS = YES;
				CLANG_WARN_DIRECT_OBJC_ISA_USAGE = YES_ERROR;
				CLANG_WARN_DOCUMENTATION_COMMENTS = YES;
				CLANG_WARN_EMPTY_BODY = YES;
				CLANG_WARN_ENUM_CONVERSION = YES;
				CLANG_WARN_INFINITE_RECURSION = YES;
				CLANG_WARN_INT_CONVERSION = YES;
				CLANG_WARN_NON_LITERAL_NULL_CONVERSION = YES;
				CLANG_WARN_OBJC_IMPLICIT_RETAIN_SELF = YES;
				CLANG_WARN_OBJC_LITERAL_CONVERSION = YES;
				CLANG_WARN_OBJC_ROOT_CLASS = YES_ERROR;
				CLANG_WARN_QUOTED_INCLUDE_IN_FRAMEWORK_HEADER = YES;
				CLANG_WARN_RANGE_LOOP_ANALYSIS = YES;
				CLANG_WARN_STRICT_PROTOTYPES = YES;
				CLANG_WARN_SUSPICIOUS_MOVE = YES;
				CLANG_WARN_UNGUARDED_AVAILABILITY = YES_AGGRESSIVE;
				CLANG_WARN_UNREACHABLE_CODE = YES;
				CLANG_WARN__DUPLICATE_METHOD_MATCH = YES;
				COPY_PHASE_STRIP = NO;
				DEBUG_INFORMATION_FORMAT = dwarf;
				ENABLE_STRICT_OBJC_MSGSEND = YES;
				ENABLE_TESTABILITY = YES;
				ENABLE_USER_SCRIPT_SANDBOXING = YES;
				GCC_C_LANGUAGE_STANDARD = gnu17;
				GCC_DYNAMIC_NO_PIC = NO;
				GCC_NO_COMMON_BLOCKS = YES;
				GCC_OPTIMIZATION_LEVEL = 0;
				GCC_PREPROCESSOR_DEFINITIONS = (
					"DEBUG=1",
					"$(inherited)",
				);
				GCC_WARN_64_TO_32_BIT_CONVERSION = YES;
				GCC_WARN_ABOUT_RETURN_TYPE = YES_ERROR;
				GCC_WARN_UNDECLARED_SELECTOR = YES;
				GCC_WARN_UNINITIALIZED_AUTOS = YES_AGGRESSIVE;
				GCC_WARN_UNUSED_FUNCTION = YES;
				GCC_WARN_UNUSED_VARIABLE = YES;
				IPHONEOS_DEPLOYMENT_TARGET = 18.2;
				LOCALIZATION_PREFERS_STRING_CATALOGS = YES;
				MTL_ENABLE_DEBUG_INFO = INCLUDE_SOURCE;
				MTL_FAST_MATH = YES;
				ONLY_ACTIVE_ARCH = YES;
				SDKROOT = iphoneos;
				SWIFT_ACTIVE_COMPILATION_CONDITIONS = "DEBUG $(inherited)";
				SWIFT_OPTIMIZATION_LEVEL = "-Onone";
			};
			name = Debug;
		};
		80824FE22E53962300A71AFA /* Release */ = {
			isa = XCBuildConfiguration;
			buildSettings = {
				ALWAYS_SEARCH_USER_PATHS = NO;
				ASSETCATALOG_COMPILER_GENERATE_SWIFT_ASSET_SYMBOL_EXTENSIONS = YES;
				CLANG_ANALYZER_NONNULL = YES;
				CLANG_ANALYZER_NUMBER_OBJECT_CONVERSION = YES_AGGRESSIVE;
				CLANG_CXX_LANGUAGE_STANDARD = "gnu++20";
				CLANG_ENABLE_MODULES = YES;
				CLANG_ENABLE_OBJC_ARC = YES;
				CLANG_ENABLE_OBJC_WEAK = YES;
				CLANG_WARN_BLOCK_CAPTURE_AUTORELEASING = YES;
				CLANG_WARN_BOOL_CONVERSION = YES;
				CLANG_WARN_COMMA = YES;
				CLANG_WARN_CONSTANT_CONVERSION = YES;
				CLANG_WARN_DEPRECATED_OBJC_IMPLEMENTATIONS = YES;
				CLANG_WARN_DIRECT_OBJC_ISA_USAGE = YES_ERROR;
				CLANG_WARN_DOCUMENTATION_COMMENTS = YES;
				CLANG_WARN_EMPTY_BODY = YES;
				CLANG_WARN_ENUM_CONVERSION = YES;
				CLANG_WARN_INFINITE_RECURSION = YES;
				CLANG_WARN_INT_CONVERSION = YES;
				CLANG_WARN_NON_LITERAL_NULL_CONVERSION = YES;
				CLANG_WARN_OBJC_IMPLICIT_RETAIN_SELF = YES;
				CLANG_WARN_OBJC_LITERAL_CONVERSION = YES;
				CLANG_WARN_OBJC_ROOT_CLASS = YES_ERROR;
				CLANG_WARN_QUOTED_INCLUDE_IN_FRAMEWORK_HEADER = YES;
				CLANG_WARN_RANGE_LOOP_ANALYSIS = YES;
				CLANG_WARN_STRICT_PROTOTYPES = YES;
				CLANG_WARN_SUSPICIOUS_MOVE = YES;
				CLANG_WARN_UNGUARDED_AVAILABILITY = YES_AGGRESSIVE;
				CLANG_WARN_UNREACHABLE_CODE = YES;
				CLANG_WARN__DUPLICATE_METHOD_MATCH = YES;
				COPY_PHASE_STRIP = NO;
				DEBUG_INFORMATION_FORMAT = "dwarf-with-dsym";
				ENABLE_NS_ASSERTIONS = NO;
				ENABLE_STRICT_OBJC_MSGSEND = YES;
				ENABLE_USER_SCRIPT_SANDBOXING = YES;
				GCC_C_LANGUAGE_STANDARD = gnu17;
				GCC_NO_COMMON_BLOCKS = YES;
				GCC_WARN_64_TO_32_BIT_CONVERSION = YES;
				GCC_WARN_ABOUT_RETURN_TYPE = YES_ERROR;
				GCC_WARN_UNDECLARED_SELECTOR = YES;
				GCC_WARN_UNINITIALIZED_AUTOS = YES_AGGRESSIVE;
				GCC_WARN_UNUSED_FUNCTION = YES;
				GCC_WARN_UNUSED_VARIABLE = YES;
				IPHONEOS_DEPLOYMENT_TARGET = 18.2;
				LOCALIZATION_PREFERS_STRING_CATALOGS = YES;
				MTL_ENABLE_DEBUG_INFO = NO;
				MTL_FAST_MATH = YES;
				SDKROOT = iphoneos;
				SWIFT_COMPILATION_MODE = wholemodule;
				VALIDATE_PRODUCT = YES;
			};
			name = Release;
		};
		80824FE42E53962300A71AFA /* Debug */ = {
			isa = XCBuildConfiguration;
			buildSettings = {
				ASSETCATALOG_COMPILER_APPICON_NAME = AppIcon;
				ASSETCATALOG_COMPILER_GLOBAL_ACCENT_COLOR_NAME = AccentColor;
				CODE_SIGN_STYLE = Automatic;
				CURRENT_PROJECT_VERSION = 1;
				DEVELOPMENT_ASSET_PATHS = "";
				ENABLE_PREVIEWS = YES;
				GENERATE_INFOPLIST_FILE = YES;
				INFOPLIST_KEY_UIApplicationSceneManifest_Generation = YES;
				INFOPLIST_KEY_UIApplicationSupportsIndirectInputEvents = YES;
				INFOPLIST_KEY_UILaunchScreen_Generation = YES;
				INFOPLIST_KEY_UISupportedInterfaceOrientations_iPad = "UIInterfaceOrientationPortrait UIInterfaceOrientationPortraitUpsideDown UIInterfaceOrientationLandscapeLeft UIInterfaceOrientationLandscapeRight";
				INFOPLIST_KEY_UISupportedInterfaceOrientations_iPhone = "UIInterfaceOrientationPortrait UIInterfaceOrientationLandscapeLeft UIInterfaceOrientationLandscapeRight";
				LD_RUNPATH_SEARCH_PATHS = (
					"$(inherited)",
					"@executable_path/Frameworks",
				);
				MARKETING_VERSION = 1.0;
				PRODUCT_BUNDLE_IDENTIFIER = com.rponikiewski.Recorder;
				PRODUCT_NAME = "$(TARGET_NAME)";
				SWIFT_EMIT_LOC_STRINGS = YES;
				SWIFT_VERSION = 5.0;
				TARGETED_DEVICE_FAMILY = "1,2";
			};
			name = Debug;
		};
		80824FE52E53962300A71AFA /* Release */ = {
			isa = XCBuildConfiguration;
			buildSettings = {
				ASSETCATALOG_COMPILER_APPICON_NAME = AppIcon;
				ASSETCATALOG_COMPILER_GLOBAL_ACCENT_COLOR_NAME = AccentColor;
				CODE_SIGN_STYLE = Automatic;
				CURRENT_PROJECT_VERSION = 1;
				DEVELOPMENT_ASSET_PATHS = "";
				ENABLE_PREVIEWS = YES;
				GENERATE_INFOPLIST_FILE = YES;
				INFOPLIST_KEY_UIApplicationSceneManifest_Generation = YES;
				INFOPLIST_KEY_UIApplicationSupportsIndirectInputEvents = YES;
				INFOPLIST_KEY_UILaunchScreen_Generation = YES;
				INFOPLIST_KEY_UISupportedInterfaceOrientations_iPad = "UIInterfaceOrientationPortrait UIInterfaceOrientationPortraitUpsideDown UIInterfaceOrientationLandscapeLeft UIInterfaceOrientationLandscapeRight";
				INFOPLIST_KEY_UISupportedInterfaceOrientations_iPhone = "UIInterfaceOrientationPortrait UIInterfaceOrientationLandscapeLeft UIInterfaceOrientationLandscapeRight";
				LD_RUNPATH_SEARCH_PATHS = (
					"$(inherited)",
					"@executable_path/Frameworks",
				);
				MARKETING_VERSION = 1.0;
				PRODUCT_BUNDLE_IDENTIFIER = com.rponikiewski.Recorder;
				PRODUCT_NAME = "$(TARGET_NAME)";
				SWIFT_EMIT_LOC_STRINGS = YES;
				SWIFT_VERSION = 5.0;
				TARGETED_DEVICE_FAMILY = "1,2";
			};
			name = Release;
		};
		80824FE72E53962300A71AFA /* Debug */ = {
			isa = XCBuildConfiguration;
			buildSettings = {
				BUNDLE_LOADER = "$(TEST_HOST)";
				CODE_SIGN_STYLE = Automatic;
				CURRENT_PROJECT_VERSION = 1;
				GENERATE_INFOPLIST_FILE = YES;
				IPHONEOS_DEPLOYMENT_TARGET = 18.2;
				MARKETING_VERSION = 1.0;
				PRODUCT_BUNDLE_IDENTIFIER = com.rponikiewski.RecorderTests;
				PRODUCT_NAME = "$(TARGET_NAME)";
				SWIFT_EMIT_LOC_STRINGS = NO;
				SWIFT_VERSION = 5.0;
				TARGETED_DEVICE_FAMILY = "1,2";
				TEST_HOST = "$(BUILT_PRODUCTS_DIR)/Recorder.app/$(BUNDLE_EXECUTABLE_FOLDER_PATH)/Recorder";
			};
			name = Debug;
		};
		80824FE82E53962300A71AFA /* Release */ = {
			isa = XCBuildConfiguration;
			buildSettings = {
				BUNDLE_LOADER = "$(TEST_HOST)";
				CODE_SIGN_STYLE = Automatic;
				CURRENT_PROJECT_VERSION = 1;
				GENERATE_INFOPLIST_FILE = YES;
				IPHONEOS_DEPLOYMENT_TARGET = 18.2;
				MARKETING_VERSION = 1.0;
				PRODUCT_BUNDLE_IDENTIFIER = com.rponikiewski.RecorderTests;
				PRODUCT_NAME = "$(TARGET_NAME)";
				SWIFT_EMIT_LOC_STRINGS = NO;
				SWIFT_VERSION = 5.0;
				TARGETED_DEVICE_FAMILY = "1,2";
				TEST_HOST = "$(BUILT_PRODUCTS_DIR)/Recorder.app/$(BUNDLE_EXECUTABLE_FOLDER_PATH)/Recorder";
			};
			name = Release;
		};
		80824FEA2E53962300A71AFA /* Debug */ = {
			isa = XCBuildConfiguration;
			buildSettings = {
				CODE_SIGN_STYLE = Automatic;
				CURRENT_PROJECT_VERSION = 1;
				GENERATE_INFOPLIST_FILE = YES;
				MARKETING_VERSION = 1.0;
				PRODUCT_BUNDLE_IDENTIFIER = com.rponikiewski.RecorderUITests;
				PRODUCT_NAME = "$(TARGET_NAME)";
				SWIFT_EMIT_LOC_STRINGS = NO;
				SWIFT_VERSION = 5.0;
				TARGETED_DEVICE_FAMILY = "1,2";
				TEST_TARGET_NAME = Recorder;
			};
			name = Debug;
		};
		80824FEB2E53962300A71AFA /* Release */ = {
			isa = XCBuildConfiguration;
			buildSettings = {
				CODE_SIGN_STYLE = Automatic;
				CURRENT_PROJECT_VERSION = 1;
				GENERATE_INFOPLIST_FILE = YES;
				MARKETING_VERSION = 1.0;
				PRODUCT_BUNDLE_IDENTIFIER = com.rponikiewski.RecorderUITests;
				PRODUCT_NAME = "$(TARGET_NAME)";
				SWIFT_EMIT_LOC_STRINGS = NO;
				SWIFT_VERSION = 5.0;
				TARGETED_DEVICE_FAMILY = "1,2";
				TEST_TARGET_NAME = Recorder;
			};
			name = Release;
		};
/* End XCBuildConfiguration section */

/* Begin XCConfigurationList section */
		80824FBA2E53962100A71AFA /* Build configuration list for PBXProject "Recorder" */ = {
			isa = XCConfigurationList;
			buildConfigurations = (
				80824FE12E53962300A71AFA /* Debug */,
				80824FE22E53962300A71AFA /* Release */,
			);
			defaultConfigurationIsVisible = 0;
			defaultConfigurationName = Release;
		};
		80824FE32E53962300A71AFA /* Build configuration list for PBXNativeTarget "Recorder" */ = {
			isa = XCConfigurationList;
			buildConfigurations = (
				80824FE42E53962300A71AFA /* Debug */,
				80824FE52E53962300A71AFA /* Release */,
			);
			defaultConfigurationIsVisible = 0;
			defaultConfigurationName = Release;
		};
		80824FE62E53962300A71AFA /* Build configuration list for PBXNativeTarget "RecorderTests" */ = {
			isa = XCConfigurationList;
			buildConfigurations = (
				80824FE72E53962300A71AFA /* Debug */,
				80824FE82E53962300A71AFA /* Release */,
			);
			defaultConfigurationIsVisible = 0;
			defaultConfigurationName = Release;
		};
		80824FE92E53962300A71AFA /* Build configuration list for PBXNativeTarget "RecorderUITests" */ = {
			isa = XCConfigurationList;
			buildConfigurations = (
				80824FEA2E53962300A71AFA /* Debug */,
				80824FEB2E53962300A71AFA /* Release */,
			);
			defaultConfigurationIsVisible = 0;
			defaultConfigurationName = Release;
		};
/* End XCConfigurationList section */

/* Begin XCRemoteSwiftPackageReference section */
		8082502C2E539C0900A71AFA /* XCRemoteSwiftPackageReference "swift-collections" */ = {
			isa = XCRemoteSwiftPackageReference;
			repositoryURL = "https://github.com/apple/swift-collections.git";
			requirement = {
				kind = upToNextMajorVersion;
				minimumVersion = 1.2.1;
			};
		};
/* End XCRemoteSwiftPackageReference section */

/* Begin XCSwiftPackageProductDependency section */
		8082502D2E539C0900A71AFA /* BitCollections */ = {
			isa = XCSwiftPackageProductDependency;
			package = 8082502C2E539C0900A71AFA /* XCRemoteSwiftPackageReference "swift-collections" */;
			productName = BitCollections;
		};
		8082502F2E539C0900A71AFA /* Collections */ = {
			isa = XCSwiftPackageProductDependency;
			package = 8082502C2E539C0900A71AFA /* XCRemoteSwiftPackageReference "swift-collections" */;
			productName = Collections;
		};
		808250312E539C0900A71AFA /* DequeModule */ = {
			isa = XCSwiftPackageProductDependency;
			package = 8082502C2E539C0900A71AFA /* XCRemoteSwiftPackageReference "swift-collections" */;
			productName = DequeModule;
		};
		808250332E539C0900A71AFA /* HashTreeCollections */ = {
			isa = XCSwiftPackageProductDependency;
			package = 8082502C2E539C0900A71AFA /* XCRemoteSwiftPackageReference "swift-collections" */;
			productName = HashTreeCollections;
		};
		808250352E539C0900A71AFA /* HeapModule */ = {
			isa = XCSwiftPackageProductDependency;
			package = 8082502C2E539C0900A71AFA /* XCRemoteSwiftPackageReference "swift-collections" */;
			productName = HeapModule;
		};
/* End XCSwiftPackageProductDependency section */
	};
	rootObject = 80824FB72E53962100A71AFA /* Project object */;
}
